
Microsoft Visual Studio Solution File, Format Version 12.00
# Visual Studio 14
VisualStudioVersion = 14.0.24720.0
MinimumVisualStudioVersion = 10.0.40219.1
Project("{FAE04EC0-301F-11D3-BF4B-00C04F79EFBC}") = "AdventureWorksDB", "AdventureWorksDB\AdventureWorksDB.csproj", "{0E584C14-D97B-4B26-8A40-C3BBBB324651}"
EndProject
Project("{FAE04EC0-301F-11D3-BF4B-00C04F79EFBC}") = "dbenson2747ex1a1", "dbenson2747ex1a1\dbenson2747ex1a1.csproj", "{1246F2FD-47ED-4DF1-A487-189520943068}"
EndProject
Project("{FAE04EC0-301F-11D3-BF4B-00C04F79EFBC}") = "dbenson2747ex1b", "dbenson2747ex1b\dbenson2747ex1b.csproj", "{68A9F762-2968-4259-8096-51C6D78D22BF}"
EndProject
Project("{FAE04EC0-301F-11D3-BF4B-00C04F79EFBC}") = "dbenson2747ex1c", "dbenson2747ex1c\dbenson2747ex1c.csproj", "{C898CE29-CF3F-4E59-A022-5C06645732D9}"
EndProject
Global
	GlobalSection(SolutionConfigurationPlatforms) = preSolution
		Debug|Any CPU = Debug|Any CPU
		Release|Any CPU = Release|Any CPU
	EndGlobalSection
	GlobalSection(ProjectConfigurationPlatforms) = postSolution
		{0E584C14-D97B-4B26-8A40-C3BBBB324651}.Debug|Any CPU.ActiveCfg = Debug|Any CPU
		{0E584C14-D97B-4B26-8A40-C3BBBB324651}.Debug|Any CPU.Build.0 = Debug|Any CPU
		{0E584C14-D97B-4B26-8A40-C3BBBB324651}.Release|Any CPU.ActiveCfg = Release|Any CPU
		{0E584C14-D97B-4B26-8A40-C3BBBB324651}.Release|Any CPU.Build.0 = Release|Any CPU
		{1246F2FD-47ED-4DF1-A487-189520943068}.Debug|Any CPU.ActiveCfg = Debug|Any CPU
		{1246F2FD-47ED-4DF1-A487-189520943068}.Debug|Any CPU.Build.0 = Debug|Any CPU
		{1246F2FD-47ED-4DF1-A487-189520943068}.Release|Any CPU.ActiveCfg = Release|Any CPU
		{1246F2FD-47ED-4DF1-A487-189520943068}.Release|Any CPU.Build.0 = Release|Any CPU
		{68A9F762-2968-4259-8096-51C6D78D22BF}.Debug|Any CPU.ActiveCfg = Debug|Any CPU
		{68A9F762-2968-4259-8096-51C6D78D22BF}.Debug|Any CPU.Build.0 = Debug|Any CPU
		{68A9F762-2968-4259-8096-51C6D78D22BF}.Release|Any CPU.ActiveCfg = Release|Any CPU
		{68A9F762-2968-4259-8096-51C6D78D22BF}.Release|Any CPU.Build.0 = Release|Any CPU
		{C898CE29-CF3F-4E59-A022-5C06645732D9}.Debug|Any CPU.ActiveCfg = Debug|Any CPU
		{C898CE29-CF3F-4E59-A022-5C06645732D9}.Debug|Any CPU.Build.0 = Debug|Any CPU
		{C898CE29-CF3F-4E59-A022-5C06645732D9}.Release|Any CPU.ActiveCfg = Release|Any CPU
		{C898CE29-CF3F-4E59-A022-5C06645732D9}.Release|Any CPU.Build.0 = Release|Any CPU
	EndGlobalSection
	GlobalSection(SolutionProperties) = preSolution
		HideSolutionNode = FALSE
	EndGlobalSection
EndGlobal
